
Microsoft Visual Studio Solution File, Format Version 12.00
# Visual Studio Version 16
VisualStudioVersion = 16.0.29403.142
MinimumVisualStudioVersion = 10.0.40219.1
Project("{9A19103F-16F7-4668-BE54-9A1E7A4F7556}") = "NCS.DSS.ContentPushService", "NCS.DSS.ContentPushService\NCS.DSS.ContentPushService.csproj", "{6079CE7B-AECF-49BC-9CA8-067969354D04}"
EndProject
Global
	GlobalSection(SolutionConfigurationPlatforms) = preSolution
		Debug|Any CPU = Debug|Any CPU
		Release|Any CPU = Release|Any CPU
	EndGlobalSection
	GlobalSection(ProjectConfigurationPlatforms) = postSolution
		{6079CE7B-AECF-49BC-9CA8-067969354D04}.Debug|Any CPU.ActiveCfg = Debug|Any CPU
		{6079CE7B-AECF-49BC-9CA8-067969354D04}.Debug|Any CPU.Build.0 = Debug|Any CPU
		{6079CE7B-AECF-49BC-9CA8-067969354D04}.Release|Any CPU.ActiveCfg = Release|Any CPU
		{6079CE7B-AECF-49BC-9CA8-067969354D04}.Release|Any CPU.Build.0 = Release|Any CPU
	EndGlobalSection
	GlobalSection(SolutionProperties) = preSolution
		HideSolutionNode = FALSE
	EndGlobalSection
	GlobalSection(ExtensibilityGlobals) = postSolution
		SolutionGuid = {F92DEF70-BB01-4EDF-8AD5-7D3D69939D53}
	EndGlobalSection
EndGlobal
